
Microsoft Visual Studio Solution File, Format Version 12.00
# Visual Studio Version 16
VisualStudioVersion = 16.0.29613.14
MinimumVisualStudioVersion = 10.0.40219.1
Project("{9A19103F-16F7-4668-BE54-9A1E7A4F7556}") = "Module4", "Module4\Module4.csproj", "{CA1B4A62-D4CD-4C05-B0CF-9C7533E8512B}"
EndProject
Global
	GlobalSection(SolutionConfigurationPlatforms) = preSolution
		Debug|Any CPU = Debug|Any CPU
		Release|Any CPU = Release|Any CPU
	EndGlobalSection
	GlobalSection(ProjectConfigurationPlatforms) = postSolution
		{CA1B4A62-D4CD-4C05-B0CF-9C7533E8512B}.Debug|Any CPU.ActiveCfg = Debug|Any CPU
		{CA1B4A62-D4CD-4C05-B0CF-9C7533E8512B}.Debug|Any CPU.Build.0 = Debug|Any CPU
		{CA1B4A62-D4CD-4C05-B0CF-9C7533E8512B}.Release|Any CPU.ActiveCfg = Release|Any CPU
		{CA1B4A62-D4CD-4C05-B0CF-9C7533E8512B}.Release|Any CPU.Build.0 = Release|Any CPU
	EndGlobalSection
	GlobalSection(SolutionProperties) = preSolution
		HideSolutionNode = FALSE
	EndGlobalSection
	GlobalSection(ExtensibilityGlobals) = postSolution
		SolutionGuid = {42A96925-1A33-49DA-850D-6CDE9233D740}
	EndGlobalSection
EndGlobal
