
Microsoft Visual Studio Solution File, Format Version 12.00
# Visual Studio Version 16
VisualStudioVersion = 16.0.29613.14
MinimumVisualStudioVersion = 10.0.40219.1
Project("{9A19103F-16F7-4668-BE54-9A1E7A4F7556}") = "TemplatedComponent", "TemplatedComponent\TemplatedComponent.csproj", "{26655FB1-99F7-47BE-A752-3A9703D1D300}"
EndProject
Project("{9A19103F-16F7-4668-BE54-9A1E7A4F7556}") = "MyComponentLib1", "MyComponentLib1\MyComponentLib1.csproj", "{0AD98BF1-7E8A-4CF7-A259-73658BBA2308}"
EndProject
Project("{9A19103F-16F7-4668-BE54-9A1E7A4F7556}") = "LifecycleHooks", "LifecycleHooks\LifecycleHooks.csproj", "{E55914D2-D09B-4F05-B513-F0C3F41E851D}"
EndProject
Project("{9A19103F-16F7-4668-BE54-9A1E7A4F7556}") = "CodeBehind", "CodeBehind\CodeBehind.csproj", "{7C97F6B4-11AA-44F4-A3D3-80A5B0899636}"
EndProject
Project("{FAE04EC0-301F-11D3-BF4B-00C04F79EFBC}") = "CustomLayout", "CustomLayout\CustomLayout.csproj", "{B7C352F5-2FD6-4A26-BAF2-92991208EB3F}"
EndProject
Global
	GlobalSection(SolutionConfigurationPlatforms) = preSolution
		Debug|Any CPU = Debug|Any CPU
		Release|Any CPU = Release|Any CPU
	EndGlobalSection
	GlobalSection(ProjectConfigurationPlatforms) = postSolution
		{26655FB1-99F7-47BE-A752-3A9703D1D300}.Debug|Any CPU.ActiveCfg = Debug|Any CPU
		{26655FB1-99F7-47BE-A752-3A9703D1D300}.Debug|Any CPU.Build.0 = Debug|Any CPU
		{26655FB1-99F7-47BE-A752-3A9703D1D300}.Release|Any CPU.ActiveCfg = Release|Any CPU
		{26655FB1-99F7-47BE-A752-3A9703D1D300}.Release|Any CPU.Build.0 = Release|Any CPU
		{0AD98BF1-7E8A-4CF7-A259-73658BBA2308}.Debug|Any CPU.ActiveCfg = Debug|Any CPU
		{0AD98BF1-7E8A-4CF7-A259-73658BBA2308}.Debug|Any CPU.Build.0 = Debug|Any CPU
		{0AD98BF1-7E8A-4CF7-A259-73658BBA2308}.Release|Any CPU.ActiveCfg = Release|Any CPU
		{0AD98BF1-7E8A-4CF7-A259-73658BBA2308}.Release|Any CPU.Build.0 = Release|Any CPU
		{E55914D2-D09B-4F05-B513-F0C3F41E851D}.Debug|Any CPU.ActiveCfg = Debug|Any CPU
		{E55914D2-D09B-4F05-B513-F0C3F41E851D}.Debug|Any CPU.Build.0 = Debug|Any CPU
		{E55914D2-D09B-4F05-B513-F0C3F41E851D}.Release|Any CPU.ActiveCfg = Release|Any CPU
		{E55914D2-D09B-4F05-B513-F0C3F41E851D}.Release|Any CPU.Build.0 = Release|Any CPU
		{7C97F6B4-11AA-44F4-A3D3-80A5B0899636}.Debug|Any CPU.ActiveCfg = Debug|Any CPU
		{7C97F6B4-11AA-44F4-A3D3-80A5B0899636}.Debug|Any CPU.Build.0 = Debug|Any CPU
		{7C97F6B4-11AA-44F4-A3D3-80A5B0899636}.Release|Any CPU.ActiveCfg = Release|Any CPU
		{7C97F6B4-11AA-44F4-A3D3-80A5B0899636}.Release|Any CPU.Build.0 = Release|Any CPU
		{B7C352F5-2FD6-4A26-BAF2-92991208EB3F}.Debug|Any CPU.ActiveCfg = Debug|Any CPU
		{B7C352F5-2FD6-4A26-BAF2-92991208EB3F}.Debug|Any CPU.Build.0 = Debug|Any CPU
		{B7C352F5-2FD6-4A26-BAF2-92991208EB3F}.Release|Any CPU.ActiveCfg = Release|Any CPU
		{B7C352F5-2FD6-4A26-BAF2-92991208EB3F}.Release|Any CPU.Build.0 = Release|Any CPU
	EndGlobalSection
	GlobalSection(SolutionProperties) = preSolution
		HideSolutionNode = FALSE
	EndGlobalSection
	GlobalSection(ExtensibilityGlobals) = postSolution
		SolutionGuid = {2BE0D50B-459E-4BEA-9C34-987B70ADD89F}
	EndGlobalSection
EndGlobal
