
Microsoft Visual Studio Solution File, Format Version 12.00
# Visual Studio Version 16
VisualStudioVersion = 16.0.29709.97
MinimumVisualStudioVersion = 10.0.40219.1
Project("{FAE04EC0-301F-11D3-BF4B-00C04F79EFBC}") = "Middleware", "Middleware\Middleware.csproj", "{C33BAEAE-77A9-4470-8C6D-4E5D5740CEFD}"
EndProject
Global
	GlobalSection(SolutionConfigurationPlatforms) = preSolution
		Debug|Any CPU = Debug|Any CPU
		Release|Any CPU = Release|Any CPU
	EndGlobalSection
	GlobalSection(ProjectConfigurationPlatforms) = postSolution
		{C33BAEAE-77A9-4470-8C6D-4E5D5740CEFD}.Debug|Any CPU.ActiveCfg = Debug|Any CPU
		{C33BAEAE-77A9-4470-8C6D-4E5D5740CEFD}.Debug|Any CPU.Build.0 = Debug|Any CPU
		{C33BAEAE-77A9-4470-8C6D-4E5D5740CEFD}.Release|Any CPU.ActiveCfg = Release|Any CPU
		{C33BAEAE-77A9-4470-8C6D-4E5D5740CEFD}.Release|Any CPU.Build.0 = Release|Any CPU
	EndGlobalSection
	GlobalSection(SolutionProperties) = preSolution
		HideSolutionNode = FALSE
	EndGlobalSection
	GlobalSection(ExtensibilityGlobals) = postSolution
		SolutionGuid = {13F0C5B4-8C9E-458F-9BAF-D7B07F89499D}
	EndGlobalSection
EndGlobal
