
Microsoft Visual Studio Solution File, Format Version 12.00
# Visual Studio Version 16
VisualStudioVersion = 16.0.30114.105
MinimumVisualStudioVersion = 10.0.40219.1
Project("{9A19103F-16F7-4668-BE54-9A1E7A4F7556}") = "LocalStorage", "LocalStorage\LocalStorage.csproj", "{4AF4336E-AB8C-4947-A934-7CC0BB76EEBB}"
EndProject
Global
	GlobalSection(SolutionConfigurationPlatforms) = preSolution
		Debug|Any CPU = Debug|Any CPU
		Release|Any CPU = Release|Any CPU
	EndGlobalSection
	GlobalSection(ProjectConfigurationPlatforms) = postSolution
		{4AF4336E-AB8C-4947-A934-7CC0BB76EEBB}.Debug|Any CPU.ActiveCfg = Debug|Any CPU
		{4AF4336E-AB8C-4947-A934-7CC0BB76EEBB}.Debug|Any CPU.Build.0 = Debug|Any CPU
		{4AF4336E-AB8C-4947-A934-7CC0BB76EEBB}.Release|Any CPU.ActiveCfg = Release|Any CPU
		{4AF4336E-AB8C-4947-A934-7CC0BB76EEBB}.Release|Any CPU.Build.0 = Release|Any CPU
	EndGlobalSection
	GlobalSection(SolutionProperties) = preSolution
		HideSolutionNode = FALSE
	EndGlobalSection
	GlobalSection(ExtensibilityGlobals) = postSolution
		SolutionGuid = {BBD059C8-2B68-4C20-A5D0-2E49688E64CF}
	EndGlobalSection
EndGlobal
