
Microsoft Visual Studio Solution File, Format Version 12.00
# Visual Studio Version 16
VisualStudioVersion = 16.0.29709.97
MinimumVisualStudioVersion = 10.0.40219.1
Project("{FAE04EC0-301F-11D3-BF4B-00C04F79EFBC}") = "Module8", "Module8\Module8.csproj", "{13DE7996-0B5A-4695-8CC5-6CD41064D6CE}"
EndProject
Global
	GlobalSection(SolutionConfigurationPlatforms) = preSolution
		Debug|Any CPU = Debug|Any CPU
		Release|Any CPU = Release|Any CPU
	EndGlobalSection
	GlobalSection(ProjectConfigurationPlatforms) = postSolution
		{13DE7996-0B5A-4695-8CC5-6CD41064D6CE}.Debug|Any CPU.ActiveCfg = Debug|Any CPU
		{13DE7996-0B5A-4695-8CC5-6CD41064D6CE}.Debug|Any CPU.Build.0 = Debug|Any CPU
		{13DE7996-0B5A-4695-8CC5-6CD41064D6CE}.Release|Any CPU.ActiveCfg = Release|Any CPU
		{13DE7996-0B5A-4695-8CC5-6CD41064D6CE}.Release|Any CPU.Build.0 = Release|Any CPU
	EndGlobalSection
	GlobalSection(SolutionProperties) = preSolution
		HideSolutionNode = FALSE
	EndGlobalSection
	GlobalSection(ExtensibilityGlobals) = postSolution
		SolutionGuid = {3B119A56-CB3A-4BA6-A1B6-C97A71CC7EA2}
	EndGlobalSection
EndGlobal
